
Microsoft Visual Studio Solution File, Format Version 12.00
# Visual Studio Version 17
VisualStudioVersion = 17.0.31903.59
MinimumVisualStudioVersion = 10.0.40219.1
Project("{FAE04EC0-301F-11D3-BF4B-00C04F79EFBC}") = "NeoCircuitLab.Domain", "NeoCircuitLab.Domain\NeoCircuitLab.Domain.csproj", "{EE3DAA86-D74A-4EB4-B8CA-45B1947001CB}"
EndProject
Project("{FAE04EC0-301F-11D3-BF4B-00C04F79EFBC}") = "NeoCircuitLab.Application", "NeoCircuitLab.Application\NeoCircuitLab.Application.csproj", "{DE0EAE23-A864-4319-AD33-1658D19DFFD4}"
EndProject
Project("{FAE04EC0-301F-11D3-BF4B-00C04F79EFBC}") = "NeoCircuitLab.Infrastructure", "NeoCircuitLab.Infrastructure\NeoCircuitLab.Infrastructure.csproj", "{771E6664-1129-4D0F-9474-7E11CE2ADBC5}"
EndProject
Project("{FAE04EC0-301F-11D3-BF4B-00C04F79EFBC}") = "NeoCircuitLab.API", "NeoCircuitLab.API\NeoCircuitLab.API.csproj", "{B2B91433-9D99-4C17-9E1F-0D413CA7BF08}"
EndProject
Global
	GlobalSection(SolutionConfigurationPlatforms) = preSolution
		Debug|Any CPU = Debug|Any CPU
		Debug|x64 = Debug|x64
		Debug|x86 = Debug|x86
		Release|Any CPU = Release|Any CPU
		Release|x64 = Release|x64
		Release|x86 = Release|x86
	EndGlobalSection
	GlobalSection(ProjectConfigurationPlatforms) = postSolution
		{EE3DAA86-D74A-4EB4-B8CA-45B1947001CB}.Debug|Any CPU.ActiveCfg = Debug|Any CPU
		{EE3DAA86-D74A-4EB4-B8CA-45B1947001CB}.Debug|Any CPU.Build.0 = Debug|Any CPU
		{EE3DAA86-D74A-4EB4-B8CA-45B1947001CB}.Debug|x64.ActiveCfg = Debug|Any CPU
		{EE3DAA86-D74A-4EB4-B8CA-45B1947001CB}.Debug|x64.Build.0 = Debug|Any CPU
		{EE3DAA86-D74A-4EB4-B8CA-45B1947001CB}.Debug|x86.ActiveCfg = Debug|Any CPU
		{EE3DAA86-D74A-4EB4-B8CA-45B1947001CB}.Debug|x86.Build.0 = Debug|Any CPU
		{EE3DAA86-D74A-4EB4-B8CA-45B1947001CB}.Release|Any CPU.ActiveCfg = Release|Any CPU
		{EE3DAA86-D74A-4EB4-B8CA-45B1947001CB}.Release|Any CPU.Build.0 = Release|Any CPU
		{EE3DAA86-D74A-4EB4-B8CA-45B1947001CB}.Release|x64.ActiveCfg = Release|Any CPU
		{EE3DAA86-D74A-4EB4-B8CA-45B1947001CB}.Release|x64.Build.0 = Release|Any CPU
		{EE3DAA86-D74A-4EB4-B8CA-45B1947001CB}.Release|x86.ActiveCfg = Release|Any CPU
		{EE3DAA86-D74A-4EB4-B8CA-45B1947001CB}.Release|x86.Build.0 = Release|Any CPU
		{DE0EAE23-A864-4319-AD33-1658D19DFFD4}.Debug|Any CPU.ActiveCfg = Debug|Any CPU
		{DE0EAE23-A864-4319-AD33-1658D19DFFD4}.Debug|Any CPU.Build.0 = Debug|Any CPU
		{DE0EAE23-A864-4319-AD33-1658D19DFFD4}.Debug|x64.ActiveCfg = Debug|Any CPU
		{DE0EAE23-A864-4319-AD33-1658D19DFFD4}.Debug|x64.Build.0 = Debug|Any CPU
		{DE0EAE23-A864-4319-AD33-1658D19DFFD4}.Debug|x86.ActiveCfg = Debug|Any CPU
		{DE0EAE23-A864-4319-AD33-1658D19DFFD4}.Debug|x86.Build.0 = Debug|Any CPU
		{DE0EAE23-A864-4319-AD33-1658D19DFFD4}.Release|Any CPU.ActiveCfg = Release|Any CPU
		{DE0EAE23-A864-4319-AD33-1658D19DFFD4}.Release|Any CPU.Build.0 = Release|Any CPU
		{DE0EAE23-A864-4319-AD33-1658D19DFFD4}.Release|x64.ActiveCfg = Release|Any CPU
		{DE0EAE23-A864-4319-AD33-1658D19DFFD4}.Release|x64.Build.0 = Release|Any CPU
		{DE0EAE23-A864-4319-AD33-1658D19DFFD4}.Release|x86.ActiveCfg = Release|Any CPU
		{DE0EAE23-A864-4319-AD33-1658D19DFFD4}.Release|x86.Build.0 = Release|Any CPU
		{771E6664-1129-4D0F-9474-7E11CE2ADBC5}.Debug|Any CPU.ActiveCfg = Debug|Any CPU
		{771E6664-1129-4D0F-9474-7E11CE2ADBC5}.Debug|Any CPU.Build.0 = Debug|Any CPU
		{771E6664-1129-4D0F-9474-7E11CE2ADBC5}.Debug|x64.ActiveCfg = Debug|Any CPU
		{771E6664-1129-4D0F-9474-7E11CE2ADBC5}.Debug|x64.Build.0 = Debug|Any CPU
		{771E6664-1129-4D0F-9474-7E11CE2ADBC5}.Debug|x86.ActiveCfg = Debug|Any CPU
		{771E6664-1129-4D0F-9474-7E11CE2ADBC5}.Debug|x86.Build.0 = Debug|Any CPU
		{771E6664-1129-4D0F-9474-7E11CE2ADBC5}.Release|Any CPU.ActiveCfg = Release|Any CPU
		{771E6664-1129-4D0F-9474-7E11CE2ADBC5}.Release|Any CPU.Build.0 = Release|Any CPU
		{771E6664-1129-4D0F-9474-7E11CE2ADBC5}.Release|x64.ActiveCfg = Release|Any CPU
		{771E6664-1129-4D0F-9474-7E11CE2ADBC5}.Release|x64.Build.0 = Release|Any CPU
		{771E6664-1129-4D0F-9474-7E11CE2ADBC5}.Release|x86.ActiveCfg = Release|Any CPU
		{771E6664-1129-4D0F-9474-7E11CE2ADBC5}.Release|x86.Build.0 = Release|Any CPU
		{B2B91433-9D99-4C17-9E1F-0D413CA7BF08}.Debug|Any CPU.ActiveCfg = Debug|Any CPU
		{B2B91433-9D99-4C17-9E1F-0D413CA7BF08}.Debug|Any CPU.Build.0 = Debug|Any CPU
		{B2B91433-9D99-4C17-9E1F-0D413CA7BF08}.Debug|x64.ActiveCfg = Debug|Any CPU
		{B2B91433-9D99-4C17-9E1F-0D413CA7BF08}.Debug|x64.Build.0 = Debug|Any CPU
		{B2B91433-9D99-4C17-9E1F-0D413CA7BF08}.Debug|x86.ActiveCfg = Debug|Any CPU
		{B2B91433-9D99-4C17-9E1F-0D413CA7BF08}.Debug|x86.Build.0 = Debug|Any CPU
		{B2B91433-9D99-4C17-9E1F-0D413CA7BF08}.Release|Any CPU.ActiveCfg = Release|Any CPU
		{B2B91433-9D99-4C17-9E1F-0D413CA7BF08}.Release|Any CPU.Build.0 = Release|Any CPU
		{B2B91433-9D99-4C17-9E1F-0D413CA7BF08}.Release|x64.ActiveCfg = Release|Any CPU
		{B2B91433-9D99-4C17-9E1F-0D413CA7BF08}.Release|x64.Build.0 = Release|Any CPU
		{B2B91433-9D99-4C17-9E1F-0D413CA7BF08}.Release|x86.ActiveCfg = Release|Any CPU
		{B2B91433-9D99-4C17-9E1F-0D413CA7BF08}.Release|x86.Build.0 = Release|Any CPU
	EndGlobalSection
	GlobalSection(SolutionProperties) = preSolution
		HideSolutionNode = FALSE
	EndGlobalSection
EndGlobal
